
Microsoft Visual Studio Solution File, Format Version 12.00
# Visual Studio Version 17
VisualStudioVersion = 17.7.34024.191
MinimumVisualStudioVersion = 10.0.40219.1
Project("{9A19103F-16F7-4668-BE54-9A1E7A4F7556}") = "Static", "Static\Static.csproj", "{FC85640E-A989-4224-8171-0BF5A7A8B180}"
EndProject
Project("{FAE04EC0-301F-11D3-BF4B-00C04F79EFBC}") = "Domain", "Domain\Domain.csproj", "{81C41BC9-A57B-4FED-B68D-2DB7CDA9BC31}"
EndProject
Project("{FAE04EC0-301F-11D3-BF4B-00C04F79EFBC}") = "Service", "Service\Service.csproj", "{1D5E727B-F95F-4BDA-8A97-D7395D273EDD}"
EndProject
Global
	GlobalSection(SolutionConfigurationPlatforms) = preSolution
		Debug|Any CPU = Debug|Any CPU
		Release|Any CPU = Release|Any CPU
	EndGlobalSection
	GlobalSection(ProjectConfigurationPlatforms) = postSolution
		{FC85640E-A989-4224-8171-0BF5A7A8B180}.Debug|Any CPU.ActiveCfg = Debug|Any CPU
		{FC85640E-A989-4224-8171-0BF5A7A8B180}.Debug|Any CPU.Build.0 = Debug|Any CPU
		{FC85640E-A989-4224-8171-0BF5A7A8B180}.Release|Any CPU.ActiveCfg = Release|Any CPU
		{FC85640E-A989-4224-8171-0BF5A7A8B180}.Release|Any CPU.Build.0 = Release|Any CPU
		{81C41BC9-A57B-4FED-B68D-2DB7CDA9BC31}.Debug|Any CPU.ActiveCfg = Debug|Any CPU
		{81C41BC9-A57B-4FED-B68D-2DB7CDA9BC31}.Debug|Any CPU.Build.0 = Debug|Any CPU
		{81C41BC9-A57B-4FED-B68D-2DB7CDA9BC31}.Release|Any CPU.ActiveCfg = Release|Any CPU
		{81C41BC9-A57B-4FED-B68D-2DB7CDA9BC31}.Release|Any CPU.Build.0 = Release|Any CPU
		{1D5E727B-F95F-4BDA-8A97-D7395D273EDD}.Debug|Any CPU.ActiveCfg = Debug|Any CPU
		{1D5E727B-F95F-4BDA-8A97-D7395D273EDD}.Debug|Any CPU.Build.0 = Debug|Any CPU
		{1D5E727B-F95F-4BDA-8A97-D7395D273EDD}.Release|Any CPU.ActiveCfg = Release|Any CPU
		{1D5E727B-F95F-4BDA-8A97-D7395D273EDD}.Release|Any CPU.Build.0 = Release|Any CPU
	EndGlobalSection
	GlobalSection(SolutionProperties) = preSolution
		HideSolutionNode = FALSE
	EndGlobalSection
	GlobalSection(ExtensibilityGlobals) = postSolution
		SolutionGuid = {54E9C50D-0C40-4189-8500-F340B4FCA8F7}
	EndGlobalSection
EndGlobal
